# Generated by skillfold. Commit this file; do not edit it by hand.
lockfileVersion: 1
skills:
  dbt:
    source: github:byronxlg/skills/skills/dbt
    resolved: github:byronxlg/skills/skills/dbt@12ff7c49b47453c526daaaf09f18dd3e39b1438c
    integrity: sha256-fWNrHpUTCJL3bsqpMywi5P9W+ke7sAKRVeDdhPeEbmY=
  doc-coauthoring:
    targets:
      - claude
    source: github:anthropics/skills/skills/doc-coauthoring
    resolved: github:anthropics/skills/skills/doc-coauthoring@41bbe19d1a1a7eaab5e7bb9050a417e5c6cffc8f
    integrity: sha256-TQ+HFWo07aPffRm2qUH3OZivYjZlhFiQe2m9r2EneRs=
  docx:
    targets:
      - claude
    source: github:anthropics/skills/skills/docx
    resolved: github:anthropics/skills/skills/docx@41bbe19d1a1a7eaab5e7bb9050a417e5c6cffc8f
    integrity: sha256-XS4ZC1tUjFiGA+v5vJKc5f1KrJxjUNZ3nzutTYTQZyQ=
  find-skills:
    source: github:byronxlg/skills/skills/find-skills
    resolved: github:byronxlg/skills/skills/find-skills@ebb880059511d08e3917ef900ce66251c58e8fcd
    integrity: sha256-vFD3WeT0NToFEtweMo3RUI1iYdOhqZMY/G9UxWAXEaE=
  frontend-design:
    source: github:anthropics/skills/skills/frontend-design
    resolved: github:anthropics/skills/skills/frontend-design@41bbe19d1a1a7eaab5e7bb9050a417e5c6cffc8f
    integrity: sha256-iablnegDIKMui0xZejKe88UD9iSi5oh0uwR137Ztv0s=
  issue:
    targets:
      - codex
    source: github:byronxlg/skills/skills/issue
    resolved: github:byronxlg/skills/skills/issue@12ff7c49b47453c526daaaf09f18dd3e39b1438c
    integrity: sha256-DpBcqiJEj5m9hWdRG/Vs2cgNOt6TMwJu6FJhM7mSF78=
  matplotlib:
    source: github:tvhahn/matplotlib-skill/skills/matplotlib
    resolved: github:tvhahn/matplotlib-skill/skills/matplotlib@ec4a4b470aa7c83b6379e2fc9d9bf612ccb24072
    integrity: sha256-WZ4XBUv2+ZMjL5OnCAZ1PUSazjDVVjcs7VaMzLXZA2M=
  obsidian:
    source: github:byronxlg/skills/skills/obsidian
    resolved: github:byronxlg/skills/skills/obsidian@12ff7c49b47453c526daaaf09f18dd3e39b1438c
    integrity: sha256-I/v96gPyABprineZLxCYzHqu8ZXOFU+MGxHXhCytbaY=
  pdf:
    targets:
      - claude
    source: github:anthropics/skills/skills/pdf
    resolved: github:anthropics/skills/skills/pdf@41bbe19d1a1a7eaab5e7bb9050a417e5c6cffc8f
    integrity: sha256-IRHyZ4bfoRSj0YE69Bx7zuDepaUhcMZ0lLCKlOH0Dhw=
  playwright-cli:
    source: github:microsoft/playwright-cli/skills/playwright-cli
    resolved: github:microsoft/playwright-cli/skills/playwright-cli@655530f6d0dc71a0d6bf46ae165877d3c7311099
    integrity: sha256-NOATL43M5mbhC1m/gJG+v3ZCaytfnCnf75xynDLIc8g=
  polymarket:
    source: github:byronxlg/skills/skills/polymarket
    resolved: github:byronxlg/skills/skills/polymarket@12ff7c49b47453c526daaaf09f18dd3e39b1438c
    integrity: sha256-B4mpBe/IyGXXbKvLuhB9Cg2hxmg4vd7toH4CS9Po3hQ=
  pptx:
    targets:
      - claude
    source: github:anthropics/skills/skills/pptx
    resolved: github:anthropics/skills/skills/pptx@41bbe19d1a1a7eaab5e7bb9050a417e5c6cffc8f
    integrity: sha256-quCQmp81P2dz6+d/tXC0irYYlovpYHIo58NVg0fSVQY=
  project-idea-validator:
    targets:
      - codex
    source: github:byronxlg/skills/skills/project-idea-validator
    resolved: github:byronxlg/skills/skills/project-idea-validator@12ff7c49b47453c526daaaf09f18dd3e39b1438c
    integrity: sha256-3Gv21V4gci2zC+OaIhe9oAAke+2sbjfj8Kcy4qAiiUY=
  skill-creator:
    targets:
      - claude
    source: github:anthropics/skills/skills/skill-creator
    resolved: github:anthropics/skills/skills/skill-creator@41bbe19d1a1a7eaab5e7bb9050a417e5c6cffc8f
    integrity: sha256-sBawAR7pzui6Rt/tGczejx2ODqbtxg6pCzli016LATo=
  tts:
    targets:
      - claude
    source: github:byronxlg/skills/skills/tts
    resolved: github:byronxlg/skills/skills/tts@12ff7c49b47453c526daaaf09f18dd3e39b1438c
    integrity: sha256-kgsUmZzZvach0eK74Hw4baObDCJ9ufEtY4RFeznUrRU=
  webapp-testing:
    source: github:anthropics/skills/skills/webapp-testing
    resolved: github:anthropics/skills/skills/webapp-testing@41bbe19d1a1a7eaab5e7bb9050a417e5c6cffc8f
    integrity: sha256-fdnu3El/v4tWNKKTGQsR+Tz0uA981sGndd7xLere67k=
  xlsx:
    targets:
      - claude
    source: github:anthropics/skills/skills/xlsx
    resolved: github:anthropics/skills/skills/xlsx@41bbe19d1a1a7eaab5e7bb9050a417e5c6cffc8f
    integrity: sha256-B43Dd/ncR/7UoDXxkoeXCl5JWnQ7SHI/jEbw+X8wiew=
compose: {}
rules:
  codex-compatibility:
    targets:
      - codex
    source: github:byronxlg/skills/rules/codex-compatibility.md
    resolved: github:byronxlg/skills/rules/codex-compatibility.md@64c3febed8b4e61f7026f42e554242aa952cf7fe
    integrity: sha256-32jKlVKRopiFo1gXiO9Fhrja//1bc1LR/b+usoCmifY=
  communication-style:
    source: github:byronxlg/skills/rules/communication-style.md
    resolved: github:byronxlg/skills/rules/communication-style.md@64c3febed8b4e61f7026f42e554242aa952cf7fe
    integrity: sha256-MFZaIUUMuAvuyvegdseum0aR6TY4/XOKPF/TP6cAMek=
  doppler:
    source: github:byronxlg/skills/rules/doppler.md
    resolved: github:byronxlg/skills/rules/doppler.md@92e9e7600ec457527eb6208ccd0ed0225f544d59
    integrity: sha256-7FpBo6BtpgfPx/ZTH81xKVRiVf6uos76TREwazu0GGA=
  doppler-secrets:
    hosts:
      - Byrons-Mac-mini
    source: github:byronxlg/skills/rules/hosts/Byrons-Mac-mini/doppler-secrets.md
    resolved: github:byronxlg/skills/rules/hosts/Byrons-Mac-mini/doppler-secrets.md@92e9e7600ec457527eb6208ccd0ed0225f544d59
    integrity: sha256-5sX9YXQkokgBioLD89S+3uNSfVldkheFuU5OXocQI/M=
  dotfiles-workflow:
    source: github:byronxlg/skills/rules/dotfiles-workflow.md
    resolved: github:byronxlg/skills/rules/dotfiles-workflow.md@c30ced0f1d551b62e153ebc8f810b4cc6df8758e
    integrity: sha256-JC4zsJ24zOSL80Tltoshu8zJFqzKxaVekbbhtWjotjc=
  infra-writes:
    source: github:byronxlg/skills/rules/infra-writes.md
    resolved: github:byronxlg/skills/rules/infra-writes.md@92e9e7600ec457527eb6208ccd0ed0225f544d59
    integrity: sha256-qWpiuy4+3xJThhPKk5gAvTPnhwhfphCyYa5wx5NU+E0=
  kubectl-context:
    source: github:byronxlg/skills/rules/kubectl-context.md
    resolved: github:byronxlg/skills/rules/kubectl-context.md@64c3febed8b4e61f7026f42e554242aa952cf7fe
    integrity: sha256-MHs5K/ezhxXKEGlESS22wGgkuFb+9AwNct7ZJ5lrzxo=
  telegram:
    hosts:
      - Byrons-Mac-mini
    source: github:byronxlg/skills/rules/hosts/Byrons-Mac-mini/telegram.md
    resolved: github:byronxlg/skills/rules/hosts/Byrons-Mac-mini/telegram.md@c30ced0f1d551b62e153ebc8f810b4cc6df8758e
    integrity: sha256-53/1qUiVGBkZKWHxpdelJ5WXOWoA5J4AaVrLkprftRw=
  tool-preferences:
    source: github:byronxlg/skills/rules/tool-preferences.md
    resolved: github:byronxlg/skills/rules/tool-preferences.md@64c3febed8b4e61f7026f42e554242aa952cf7fe
    integrity: sha256-5QGfyZyx4wBIueHDfMAtCOliXfvvdtM1h9KlgqFjE/4=
targets:
  - claude
  - codex
